// !$*UTF8*$!
{
	archiveVersion = 1;
	classes = {
	};
	objectVersion = 46;
	objects = {

/* Begin PBXBuildFile section */
		18FBDEB61A00D6E700F9B826 /* main.m in Sources */ = {isa = PBXBuildFile; fileRef = 18FBDEB51A00D6E700F9B826 /* main.m */; };
		18FBDEB91A00D6E700F9B826 /* AppDelegate.m in Sources */ = {isa = PBXBuildFile; fileRef = 18FBDEB81A00D6E700F9B826 /* AppDelegate.m */; };
		18FBDEBC1A00D6E700F9B826 /* ViewController.m in Sources */ = {isa = PBXBuildFile; fileRef = 18FBDEBB1A00D6E700F9B826 /* ViewController.m */; };
		18FBDEBF1A00D6E700F9B826 /* Main.storyboard in Resources */ = {isa = PBXBuildFile; fileRef = 18FBDEBD1A00D6E700F9B826 /* Main.storyboard */; };
		18FBDEC11A00D6E700F9B826 /* Images.xcassets in Resources */ = {isa = PBXBuildFile; fileRef = 18FBDEC01A00D6E700F9B826 /* Images.xcassets */; };
		18FBDEC41A00D6E700F9B826 /* LaunchScreen.xib in Resources */ = {isa = PBXBuildFile; fileRef = 18FBDEC21A00D6E700F9B826 /* LaunchScreen.xib */; };
		18FBDED01A00D6E700F9B826 /* _1_iOS___Tests.m in Sources */ = {isa = PBXBuildFile; fileRef = 18FBDECF1A00D6E700F9B826 /* _1_iOS___Tests.m */; };
		18FBDEDB1A00DCAF00F9B826 /* 01.jpg in Resources */ = {isa = PBXBuildFile; fileRef = 18FBDED91A00DCAF00F9B826 /* 01.jpg */; };
		18FBDEDC1A00DCAF00F9B826 /* 02.jpg in Resources */ = {isa = PBXBuildFile; fileRef = 18FBDEDA1A00DCAF00F9B826 /* 02.jpg */; };
		18FBDF2F1A00DCF800F9B826 /* knockout_00.jpg in Resources */ = {isa = PBXBuildFile; fileRef = 18FBDEDE1A00DCF800F9B826 /* knockout_00.jpg */; };
		18FBDF301A00DCF800F9B826 /* knockout_01.jpg in Resources */ = {isa = PBXBuildFile; fileRef = 18FBDEDF1A00DCF800F9B826 /* knockout_01.jpg */; };
		18FBDF311A00DCF800F9B826 /* knockout_02.jpg in Resources */ = {isa = PBXBuildFile; fileRef = 18FBDEE01A00DCF800F9B826 /* knockout_02.jpg */; };
		18FBDF321A00DCF800F9B826 /* knockout_03.jpg in Resources */ = {isa = PBXBuildFile; fileRef = 18FBDEE11A00DCF800F9B826 /* knockout_03.jpg */; };
		18FBDF331A00DCF800F9B826 /* knockout_04.jpg in Resources */ = {isa = PBXBuildFile; fileRef = 18FBDEE21A00DCF800F9B826 /* knockout_04.jpg */; };
		18FBDF341A00DCF800F9B826 /* knockout_05.jpg in Resources */ = {isa = PBXBuildFile; fileRef = 18FBDEE31A00DCF800F9B826 /* knockout_05.jpg */; };
		18FBDF351A00DCF800F9B826 /* knockout_06.jpg in Resources */ = {isa = PBXBuildFile; fileRef = 18FBDEE41A00DCF800F9B826 /* knockout_06.jpg */; };
		18FBDF361A00DCF800F9B826 /* knockout_07.jpg in Resources */ = {isa = PBXBuildFile; fileRef = 18FBDEE51A00DCF800F9B826 /* knockout_07.jpg */; };
		18FBDF371A00DCF800F9B826 /* knockout_08.jpg in Resources */ = {isa = PBXBuildFile; fileRef = 18FBDEE61A00DCF800F9B826 /* knockout_08.jpg */; };
		18FBDF381A00DCF800F9B826 /* knockout_09.jpg in Resources */ = {isa = PBXBuildFile; fileRef = 18FBDEE71A00DCF800F9B826 /* knockout_09.jpg */; };
		18FBDF391A00DCF800F9B826 /* knockout_10.jpg in Resources */ = {isa = PBXBuildFile; fileRef = 18FBDEE81A00DCF800F9B826 /* knockout_10.jpg */; };
		18FBDF3A1A00DCF800F9B826 /* knockout_11.jpg in Resources */ = {isa = PBXBuildFile; fileRef = 18FBDEE91A00DCF800F9B826 /* knockout_11.jpg */; };
		18FBDF3B1A00DCF800F9B826 /* knockout_12.jpg in Resources */ = {isa = PBXBuildFile; fileRef = 18FBDEEA1A00DCF800F9B826 /* knockout_12.jpg */; };
		18FBDF3C1A00DCF800F9B826 /* knockout_13.jpg in Resources */ = {isa = PBXBuildFile; fileRef = 18FBDEEB1A00DCF800F9B826 /* knockout_13.jpg */; };
		18FBDF3D1A00DCF800F9B826 /* knockout_14.jpg in Resources */ = {isa = PBXBuildFile; fileRef = 18FBDEEC1A00DCF800F9B826 /* knockout_14.jpg */; };
		18FBDF3E1A00DCF800F9B826 /* knockout_15.jpg in Resources */ = {isa = PBXBuildFile; fileRef = 18FBDEED1A00DCF800F9B826 /* knockout_15.jpg */; };
		18FBDF3F1A00DCF800F9B826 /* knockout_16.jpg in Resources */ = {isa = PBXBuildFile; fileRef = 18FBDEEE1A00DCF800F9B826 /* knockout_16.jpg */; };
		18FBDF401A00DCF800F9B826 /* knockout_17.jpg in Resources */ = {isa = PBXBuildFile; fileRef = 18FBDEEF1A00DCF800F9B826 /* knockout_17.jpg */; };
		18FBDF411A00DCF800F9B826 /* knockout_18.jpg in Resources */ = {isa = PBXBuildFile; fileRef = 18FBDEF01A00DCF800F9B826 /* knockout_18.jpg */; };
		18FBDF421A00DCF800F9B826 /* knockout_19.jpg in Resources */ = {isa = PBXBuildFile; fileRef = 18FBDEF11A00DCF800F9B826 /* knockout_19.jpg */; };
		18FBDF431A00DCF800F9B826 /* knockout_20.jpg in Resources */ = {isa = PBXBuildFile; fileRef = 18FBDEF21A00DCF800F9B826 /* knockout_20.jpg */; };
		18FBDF441A00DCF800F9B826 /* knockout_21.jpg in Resources */ = {isa = PBXBuildFile; fileRef = 18FBDEF31A00DCF800F9B826 /* knockout_21.jpg */; };
		18FBDF451A00DCF800F9B826 /* knockout_22.jpg in Resources */ = {isa = PBXBuildFile; fileRef = 18FBDEF41A00DCF800F9B826 /* knockout_22.jpg */; };
		18FBDF461A00DCF800F9B826 /* knockout_23.jpg in Resources */ = {isa = PBXBuildFile; fileRef = 18FBDEF51A00DCF800F9B826 /* knockout_23.jpg */; };
		18FBDF471A00DCF800F9B826 /* knockout_24.jpg in Resources */ = {isa = PBXBuildFile; fileRef = 18FBDEF61A00DCF800F9B826 /* knockout_24.jpg */; };
		18FBDF481A00DCF800F9B826 /* knockout_25.jpg in Resources */ = {isa = PBXBuildFile; fileRef = 18FBDEF71A00DCF800F9B826 /* knockout_25.jpg */; };
		18FBDF491A00DCF800F9B826 /* knockout_26.jpg in Resources */ = {isa = PBXBuildFile; fileRef = 18FBDEF81A00DCF800F9B826 /* knockout_26.jpg */; };
		18FBDF4A1A00DCF800F9B826 /* knockout_27.jpg in Resources */ = {isa = PBXBuildFile; fileRef = 18FBDEF91A00DCF800F9B826 /* knockout_27.jpg */; };
		18FBDF4B1A00DCF800F9B826 /* knockout_28.jpg in Resources */ = {isa = PBXBuildFile; fileRef = 18FBDEFA1A00DCF800F9B826 /* knockout_28.jpg */; };
		18FBDF4C1A00DCF800F9B826 /* knockout_29.jpg in Resources */ = {isa = PBXBuildFile; fileRef = 18FBDEFB1A00DCF800F9B826 /* knockout_29.jpg */; };
		18FBDF4D1A00DCF800F9B826 /* knockout_30.jpg in Resources */ = {isa = PBXBuildFile; fileRef = 18FBDEFC1A00DCF800F9B826 /* knockout_30.jpg */; };
		18FBDF4E1A00DCF800F9B826 /* knockout_31.jpg in Resources */ = {isa = PBXBuildFile; fileRef = 18FBDEFD1A00DCF800F9B826 /* knockout_31.jpg */; };
		18FBDF4F1A00DCF800F9B826 /* knockout_32.jpg in Resources */ = {isa = PBXBuildFile; fileRef = 18FBDEFE1A00DCF800F9B826 /* knockout_32.jpg */; };
		18FBDF501A00DCF800F9B826 /* knockout_33.jpg in Resources */ = {isa = PBXBuildFile; fileRef = 18FBDEFF1A00DCF800F9B826 /* knockout_33.jpg */; };
		18FBDF511A00DCF800F9B826 /* knockout_34.jpg in Resources */ = {isa = PBXBuildFile; fileRef = 18FBDF001A00DCF800F9B826 /* knockout_34.jpg */; };
		18FBDF521A00DCF800F9B826 /* knockout_35.jpg in Resources */ = {isa = PBXBuildFile; fileRef = 18FBDF011A00DCF800F9B826 /* knockout_35.jpg */; };
		18FBDF531A00DCF800F9B826 /* knockout_36.jpg in Resources */ = {isa = PBXBuildFile; fileRef = 18FBDF021A00DCF800F9B826 /* knockout_36.jpg */; };
		18FBDF541A00DCF800F9B826 /* knockout_37.jpg in Resources */ = {isa = PBXBuildFile; fileRef = 18FBDF031A00DCF800F9B826 /* knockout_37.jpg */; };
		18FBDF551A00DCF800F9B826 /* knockout_38.jpg in Resources */ = {isa = PBXBuildFile; fileRef = 18FBDF041A00DCF800F9B826 /* knockout_38.jpg */; };
		18FBDF561A00DCF800F9B826 /* knockout_39.jpg in Resources */ = {isa = PBXBuildFile; fileRef = 18FBDF051A00DCF800F9B826 /* knockout_39.jpg */; };
		18FBDF571A00DCF800F9B826 /* knockout_40.jpg in Resources */ = {isa = PBXBuildFile; fileRef = 18FBDF061A00DCF800F9B826 /* knockout_40.jpg */; };
		18FBDF581A00DCF800F9B826 /* knockout_41.jpg in Resources */ = {isa = PBXBuildFile; fileRef = 18FBDF071A00DCF800F9B826 /* knockout_41.jpg */; };
		18FBDF591A00DCF800F9B826 /* knockout_42.jpg in Resources */ = {isa = PBXBuildFile; fileRef = 18FBDF081A00DCF800F9B826 /* knockout_42.jpg */; };
		18FBDF5A1A00DCF800F9B826 /* knockout_43.jpg in Resources */ = {isa = PBXBuildFile; fileRef = 18FBDF091A00DCF800F9B826 /* knockout_43.jpg */; };
		18FBDF5B1A00DCF800F9B826 /* knockout_44.jpg in Resources */ = {isa = PBXBuildFile; fileRef = 18FBDF0A1A00DCF800F9B826 /* knockout_44.jpg */; };
		18FBDF5C1A00DCF800F9B826 /* knockout_45.jpg in Resources */ = {isa = PBXBuildFile; fileRef = 18FBDF0B1A00DCF800F9B826 /* knockout_45.jpg */; };
		18FBDF5D1A00DCF800F9B826 /* knockout_46.jpg in Resources */ = {isa = PBXBuildFile; fileRef = 18FBDF0C1A00DCF800F9B826 /* knockout_46.jpg */; };
		18FBDF5E1A00DCF800F9B826 /* knockout_47.jpg in Resources */ = {isa = PBXBuildFile; fileRef = 18FBDF0D1A00DCF800F9B826 /* knockout_47.jpg */; };
		18FBDF5F1A00DCF800F9B826 /* knockout_48.jpg in Resources */ = {isa = PBXBuildFile; fileRef = 18FBDF0E1A00DCF800F9B826 /* knockout_48.jpg */; };
		18FBDF601A00DCF800F9B826 /* knockout_49.jpg in Resources */ = {isa = PBXBuildFile; fileRef = 18FBDF0F1A00DCF800F9B826 /* knockout_49.jpg */; };
		18FBDF611A00DCF800F9B826 /* knockout_50.jpg in Resources */ = {isa = PBXBuildFile; fileRef = 18FBDF101A00DCF800F9B826 /* knockout_50.jpg */; };
		18FBDF621A00DCF800F9B826 /* knockout_51.jpg in Resources */ = {isa = PBXBuildFile; fileRef = 18FBDF111A00DCF800F9B826 /* knockout_51.jpg */; };
		18FBDF631A00DCF800F9B826 /* knockout_52.jpg in Resources */ = {isa = PBXBuildFile; fileRef = 18FBDF121A00DCF800F9B826 /* knockout_52.jpg */; };
		18FBDF641A00DCF800F9B826 /* knockout_53.jpg in Resources */ = {isa = PBXBuildFile; fileRef = 18FBDF131A00DCF800F9B826 /* knockout_53.jpg */; };
		18FBDF651A00DCF800F9B826 /* knockout_54.jpg in Resources */ = {isa = PBXBuildFile; fileRef = 18FBDF141A00DCF800F9B826 /* knockout_54.jpg */; };
		18FBDF661A00DCF800F9B826 /* knockout_55.jpg in Resources */ = {isa = PBXBuildFile; fileRef = 18FBDF151A00DCF800F9B826 /* knockout_55.jpg */; };
		18FBDF671A00DCF800F9B826 /* knockout_56.jpg in Resources */ = {isa = PBXBuildFile; fileRef = 18FBDF161A00DCF800F9B826 /* knockout_56.jpg */; };
		18FBDF681A00DCF800F9B826 /* knockout_57.jpg in Resources */ = {isa = PBXBuildFile; fileRef = 18FBDF171A00DCF800F9B826 /* knockout_57.jpg */; };
		18FBDF691A00DCF800F9B826 /* knockout_58.jpg in Resources */ = {isa = PBXBuildFile; fileRef = 18FBDF181A00DCF800F9B826 /* knockout_58.jpg */; };
		18FBDF6A1A00DCF800F9B826 /* knockout_59.jpg in Resources */ = {isa = PBXBuildFile; fileRef = 18FBDF191A00DCF800F9B826 /* knockout_59.jpg */; };
		18FBDF6B1A00DCF800F9B826 /* knockout_60.jpg in Resources */ = {isa = PBXBuildFile; fileRef = 18FBDF1A1A00DCF800F9B826 /* knockout_60.jpg */; };
		18FBDF6C1A00DCF800F9B826 /* knockout_61.jpg in Resources */ = {isa = PBXBuildFile; fileRef = 18FBDF1B1A00DCF800F9B826 /* knockout_61.jpg */; };
		18FBDF6D1A00DCF800F9B826 /* knockout_62.jpg in Resources */ = {isa = PBXBuildFile; fileRef = 18FBDF1C1A00DCF800F9B826 /* knockout_62.jpg */; };
		18FBDF6E1A00DCF800F9B826 /* knockout_63.jpg in Resources */ = {isa = PBXBuildFile; fileRef = 18FBDF1D1A00DCF800F9B826 /* knockout_63.jpg */; };
		18FBDF6F1A00DCF800F9B826 /* knockout_64.jpg in Resources */ = {isa = PBXBuildFile; fileRef = 18FBDF1E1A00DCF800F9B826 /* knockout_64.jpg */; };
		18FBDF701A00DCF800F9B826 /* knockout_65.jpg in Resources */ = {isa = PBXBuildFile; fileRef = 18FBDF1F1A00DCF800F9B826 /* knockout_65.jpg */; };
		18FBDF711A00DCF800F9B826 /* knockout_66.jpg in Resources */ = {isa = PBXBuildFile; fileRef = 18FBDF201A00DCF800F9B826 /* knockout_66.jpg */; };
		18FBDF721A00DCF800F9B826 /* knockout_67.jpg in Resources */ = {isa = PBXBuildFile; fileRef = 18FBDF211A00DCF800F9B826 /* knockout_67.jpg */; };
		18FBDF731A00DCF800F9B826 /* knockout_68.jpg in Resources */ = {isa = PBXBuildFile; fileRef = 18FBDF221A00DCF800F9B826 /* knockout_68.jpg */; };
		18FBDF741A00DCF800F9B826 /* knockout_69.jpg in Resources */ = {isa = PBXBuildFile; fileRef = 18FBDF231A00DCF800F9B826 /* knockout_69.jpg */; };
		18FBDF751A00DCF800F9B826 /* knockout_70.jpg in Resources */ = {isa = PBXBuildFile; fileRef = 18FBDF241A00DCF800F9B826 /* knockout_70.jpg */; };
		18FBDF761A00DCF800F9B826 /* knockout_71.jpg in Resources */ = {isa = PBXBuildFile; fileRef = 18FBDF251A00DCF800F9B826 /* knockout_71.jpg */; };
		18FBDF771A00DCF800F9B826 /* knockout_72.jpg in Resources */ = {isa = PBXBuildFile; fileRef = 18FBDF261A00DCF800F9B826 /* knockout_72.jpg */; };
		18FBDF781A00DCF800F9B826 /* knockout_73.jpg in Resources */ = {isa = PBXBuildFile; fileRef = 18FBDF271A00DCF800F9B826 /* knockout_73.jpg */; };
		18FBDF791A00DCF800F9B826 /* knockout_74.jpg in Resources */ = {isa = PBXBuildFile; fileRef = 18FBDF281A00DCF800F9B826 /* knockout_74.jpg */; };
		18FBDF7A1A00DCF800F9B826 /* knockout_75.jpg in Resources */ = {isa = PBXBuildFile; fileRef = 18FBDF291A00DCF800F9B826 /* knockout_75.jpg */; };
		18FBDF7B1A00DCF800F9B826 /* knockout_76.jpg in Resources */ = {isa = PBXBuildFile; fileRef = 18FBDF2A1A00DCF800F9B826 /* knockout_76.jpg */; };
		18FBDF7C1A00DCF800F9B826 /* knockout_77.jpg in Resources */ = {isa = PBXBuildFile; fileRef = 18FBDF2B1A00DCF800F9B826 /* knockout_77.jpg */; };
		18FBDF7D1A00DCF800F9B826 /* knockout_78.jpg in Resources */ = {isa = PBXBuildFile; fileRef = 18FBDF2C1A00DCF800F9B826 /* knockout_78.jpg */; };
		18FBDF7E1A00DCF800F9B826 /* knockout_79.jpg in Resources */ = {isa = PBXBuildFile; fileRef = 18FBDF2D1A00DCF800F9B826 /* knockout_79.jpg */; };
		18FBDF7F1A00DCF800F9B826 /* knockout_80.jpg in Resources */ = {isa = PBXBuildFile; fileRef = 18FBDF2E1A00DCF800F9B826 /* knockout_80.jpg */; };
/* End PBXBuildFile section */

/* Begin PBXContainerItemProxy section */
		18FBDECA1A00D6E700F9B826 /* PBXContainerItemProxy */ = {
			isa = PBXContainerItemProxy;
			containerPortal = 18FBDEA81A00D6E700F9B826 /* Project object */;
			proxyType = 1;
			remoteGlobalIDString = 18FBDEAF1A00D6E700F9B826;
			remoteInfo = "01-iOS初体验";
		};
/* End PBXContainerItemProxy section */

/* Begin PBXFileReference section */
		18FBDEB01A00D6E700F9B826 /* 01-iOS初体验.app */ = {isa = PBXFileReference; explicitFileType = wrapper.application; includeInIndex = 0; path = "01-iOS初体验.app"; sourceTree = BUILT_PRODUCTS_DIR; };
		18FBDEB41A00D6E700F9B826 /* Info.plist */ = {isa = PBXFileReference; lastKnownFileType = text.plist.xml; path = Info.plist; sourceTree = "<group>"; };
		18FBDEB51A00D6E700F9B826 /* main.m */ = {isa = PBXFileReference; lastKnownFileType = sourcecode.c.objc; path = main.m; sourceTree = "<group>"; };
		18FBDEB71A00D6E700F9B826 /* AppDelegate.h */ = {isa = PBXFileReference; lastKnownFileType = sourcecode.c.h; path = AppDelegate.h; sourceTree = "<group>"; };
		18FBDEB81A00D6E700F9B826 /* AppDelegate.m */ = {isa = PBXFileReference; lastKnownFileType = sourcecode.c.objc; path = AppDelegate.m; sourceTree = "<group>"; };
		18FBDEBA1A00D6E700F9B826 /* ViewController.h */ = {isa = PBXFileReference; lastKnownFileType = sourcecode.c.h; path = ViewController.h; sourceTree = "<group>"; };
		18FBDEBB1A00D6E700F9B826 /* ViewController.m */ = {isa = PBXFileReference; lastKnownFileType = sourcecode.c.objc; path = ViewController.m; sourceTree = "<group>"; };
		18FBDEBE1A00D6E700F9B826 /* Base */ = {isa = PBXFileReference; lastKnownFileType = file.storyboard; name = Base; path = Base.lproj/Main.storyboard; sourceTree = "<group>"; };
		18FBDEC01A00D6E700F9B826 /* Images.xcassets */ = {isa = PBXFileReference; lastKnownFileType = folder.assetcatalog; path = Images.xcassets; sourceTree = "<group>"; };
		18FBDEC31A00D6E700F9B826 /* Base */ = {isa = PBXFileReference; lastKnownFileType = file.xib; name = Base; path = Base.lproj/LaunchScreen.xib; sourceTree = "<group>"; };
		18FBDEC91A00D6E700F9B826 /* 01-iOS初体验Tests.xctest */ = {isa = PBXFileReference; explicitFileType = wrapper.cfbundle; includeInIndex = 0; path = "01-iOS初体验Tests.xctest"; sourceTree = BUILT_PRODUCTS_DIR; };
		18FBDECE1A00D6E700F9B826 /* Info.plist */ = {isa = PBXFileReference; lastKnownFileType = text.plist.xml; path = Info.plist; sourceTree = "<group>"; };
		18FBDECF1A00D6E700F9B826 /* _1_iOS___Tests.m */ = {isa = PBXFileReference; lastKnownFileType = sourcecode.c.objc; path = "_1_iOS___Tests.m"; sourceTree = "<group>"; };
		18FBDED91A00DCAF00F9B826 /* 01.jpg */ = {isa = PBXFileReference; lastKnownFileType = image.jpeg; path = 01.jpg; sourceTree = "<group>"; };
		18FBDEDA1A00DCAF00F9B826 /* 02.jpg */ = {isa = PBXFileReference; lastKnownFileType = image.jpeg; path = 02.jpg; sourceTree = "<group>"; };
		18FBDEDE1A00DCF800F9B826 /* knockout_00.jpg */ = {isa = PBXFileReference; lastKnownFileType = image.jpeg; path = knockout_00.jpg; sourceTree = "<group>"; };
		18FBDEDF1A00DCF800F9B826 /* knockout_01.jpg */ = {isa = PBXFileReference; lastKnownFileType = image.jpeg; path = knockout_01.jpg; sourceTree = "<group>"; };
		18FBDEE01A00DCF800F9B826 /* knockout_02.jpg */ = {isa = PBXFileReference; lastKnownFileType = image.jpeg; path = knockout_02.jpg; sourceTree = "<group>"; };
		18FBDEE11A00DCF800F9B826 /* knockout_03.jpg */ = {isa = PBXFileReference; lastKnownFileType = image.jpeg; path = knockout_03.jpg; sourceTree = "<group>"; };
		18FBDEE21A00DCF800F9B826 /* knockout_04.jpg */ = {isa = PBXFileReference; lastKnownFileType = image.jpeg; path = knockout_04.jpg; sourceTree = "<group>"; };
		18FBDEE31A00DCF800F9B826 /* knockout_05.jpg */ = {isa = PBXFileReference; lastKnownFileType = image.jpeg; path = knockout_05.jpg; sourceTree = "<group>"; };
		18FBDEE41A00DCF800F9B826 /* knockout_06.jpg */ = {isa = PBXFileReference; lastKnownFileType = image.jpeg; path = knockout_06.jpg; sourceTree = "<group>"; };
		18FBDEE51A00DCF800F9B826 /* knockout_07.jpg */ = {isa = PBXFileReference; lastKnownFileType = image.jpeg; path = knockout_07.jpg; sourceTree = "<group>"; };
		18FBDEE61A00DCF800F9B826 /* knockout_08.jpg */ = {isa = PBXFileReference; lastKnownFileType = image.jpeg; path = knockout_08.jpg; sourceTree = "<group>"; };
		18FBDEE71A00DCF800F9B826 /* knockout_09.jpg */ = {isa = PBXFileReference; lastKnownFileType = image.jpeg; path = knockout_09.jpg; sourceTree = "<group>"; };
		18FBDEE81A00DCF800F9B826 /* knockout_10.jpg */ = {isa = PBXFileReference; lastKnownFileType = image.jpeg; path = knockout_10.jpg; sourceTree = "<group>"; };
		18FBDEE91A00DCF800F9B826 /* knockout_11.jpg */ = {isa = PBXFileReference; lastKnownFileType = image.jpeg; path = knockout_11.jpg; sourceTree = "<group>"; };
		18FBDEEA1A00DCF800F9B826 /* knockout_12.jpg */ = {isa = PBXFileReference; lastKnownFileType = image.jpeg; path = knockout_12.jpg; sourceTree = "<group>"; };
		18FBDEEB1A00DCF800F9B826 /* knockout_13.jpg */ = {isa = PBXFileReference; lastKnownFileType = image.jpeg; path = knockout_13.jpg; sourceTree = "<group>"; };
		18FBDEEC1A00DCF800F9B826 /* knockout_14.jpg */ = {isa = PBXFileReference; lastKnownFileType = image.jpeg; path = knockout_14.jpg; sourceTree = "<group>"; };
		18FBDEED1A00DCF800F9B826 /* knockout_15.jpg */ = {isa = PBXFileReference; lastKnownFileType = image.jpeg; path = knockout_15.jpg; sourceTree = "<group>"; };
		18FBDEEE1A00DCF800F9B826 /* knockout_16.jpg */ = {isa = PBXFileReference; lastKnownFileType = image.jpeg; path = knockout_16.jpg; sourceTree = "<group>"; };
		18FBDEEF1A00DCF800F9B826 /* knockout_17.jpg */ = {isa = PBXFileReference; lastKnownFileType = image.jpeg; path = knockout_17.jpg; sourceTree = "<group>"; };
		18FBDEF01A00DCF800F9B826 /* knockout_18.jpg */ = {isa = PBXFileReference; lastKnownFileType = image.jpeg; path = knockout_18.jpg; sourceTree = "<group>"; };
		18FBDEF11A00DCF800F9B826 /* knockout_19.jpg */ = {isa = PBXFileReference; lastKnownFileType = image.jpeg; path = knockout_19.jpg; sourceTree = "<group>"; };
		18FBDEF21A00DCF800F9B826 /* knockout_20.jpg */ = {isa = PBXFileReference; lastKnownFileType = image.jpeg; path = knockout_20.jpg; sourceTree = "<group>"; };
		18FBDEF31A00DCF800F9B826 /* knockout_21.jpg */ = {isa = PBXFileReference; lastKnownFileType = image.jpeg; path = knockout_21.jpg; sourceTree = "<group>"; };
		18FBDEF41A00DCF800F9B826 /* knockout_22.jpg */ = {isa = PBXFileReference; lastKnownFileType = image.jpeg; path = knockout_22.jpg; sourceTree = "<group>"; };
		18FBDEF51A00DCF800F9B826 /* knockout_23.jpg */ = {isa = PBXFileReference; lastKnownFileType = image.jpeg; path = knockout_23.jpg; sourceTree = "<group>"; };
		18FBDEF61A00DCF800F9B826 /* knockout_24.jpg */ = {isa = PBXFileReference; lastKnownFileType = image.jpeg; path = knockout_24.jpg; sourceTree = "<group>"; };
		18FBDEF71A00DCF800F9B826 /* knockout_25.jpg */ = {isa = PBXFileReference; lastKnownFileType = image.jpeg; path = knockout_25.jpg; sourceTree = "<group>"; };
		18FBDEF81A00DCF800F9B826 /* knockout_26.jpg */ = {isa = PBXFileReference; lastKnownFileType = image.jpeg; path = knockout_26.jpg; sourceTree = "<group>"; };
		18FBDEF91A00DCF800F9B826 /* knockout_27.jpg */ = {isa = PBXFileReference; lastKnownFileType = image.jpeg; path = knockout_27.jpg; sourceTree = "<group>"; };
		18FBDEFA1A00DCF800F9B826 /* knockout_28.jpg */ = {isa = PBXFileReference; lastKnownFileType = image.jpeg; path = knockout_28.jpg; sourceTree = "<group>"; };
		18FBDEFB1A00DCF800F9B826 /* knockout_29.jpg */ = {isa = PBXFileReference; lastKnownFileType = image.jpeg; path = knockout_29.jpg; sourceTree = "<group>"; };
		18FBDEFC1A00DCF800F9B826 /* knockout_30.jpg */ = {isa = PBXFileReference; lastKnownFileType = image.jpeg; path = knockout_30.jpg; sourceTree = "<group>"; };
		18FBDEFD1A00DCF800F9B826 /* knockout_31.jpg */ = {isa = PBXFileReference; lastKnownFileType = image.jpeg; path = knockout_31.jpg; sourceTree = "<group>"; };
		18FBDEFE1A00DCF800F9B826 /* knockout_32.jpg */ = {isa = PBXFileReference; lastKnownFileType = image.jpeg; path = knockout_32.jpg; sourceTree = "<group>"; };
		18FBDEFF1A00DCF800F9B826 /* knockout_33.jpg */ = {isa = PBXFileReference; lastKnownFileType = image.jpeg; path = knockout_33.jpg; sourceTree = "<group>"; };
		18FBDF001A00DCF800F9B826 /* knockout_34.jpg */ = {isa = PBXFileReference; lastKnownFileType = image.jpeg; path = knockout_34.jpg; sourceTree = "<group>"; };
		18FBDF011A00DCF800F9B826 /* knockout_35.jpg */ = {isa = PBXFileReference; lastKnownFileType = image.jpeg; path = knockout_35.jpg; sourceTree = "<group>"; };
		18FBDF021A00DCF800F9B826 /* knockout_36.jpg */ = {isa = PBXFileReference; lastKnownFileType = image.jpeg; path = knockout_36.jpg; sourceTree = "<group>"; };
		18FBDF031A00DCF800F9B826 /* knockout_37.jpg */ = {isa = PBXFileReference; lastKnownFileType = image.jpeg; path = knockout_37.jpg; sourceTree = "<group>"; };
		18FBDF041A00DCF800F9B826 /* knockout_38.jpg */ = {isa = PBXFileReference; lastKnownFileType = image.jpeg; path = knockout_38.jpg; sourceTree = "<group>"; };
		18FBDF051A00DCF800F9B826 /* knockout_39.jpg */ = {isa = PBXFileReference; lastKnownFileType = image.jpeg; path = knockout_39.jpg; sourceTree = "<group>"; };
		18FBDF061A00DCF800F9B826 /* knockout_40.jpg */ = {isa = PBXFileReference; lastKnownFileType = image.jpeg; path = knockout_40.jpg; sourceTree = "<group>"; };
		18FBDF071A00DCF800F9B826 /* knockout_41.jpg */ = {isa = PBXFileReference; lastKnownFileType = image.jpeg; path = knockout_41.jpg; sourceTree = "<group>"; };
		18FBDF081A00DCF800F9B826 /* knockout_42.jpg */ = {isa = PBXFileReference; lastKnownFileType = image.jpeg; path = knockout_42.jpg; sourceTree = "<group>"; };
		18FBDF091A00DCF800F9B826 /* knockout_43.jpg */ = {isa = PBXFileReference; lastKnownFileType = image.jpeg; path = knockout_43.jpg; sourceTree = "<group>"; };
		18FBDF0A1A00DCF800F9B826 /* knockout_44.jpg */ = {isa = PBXFileReference; lastKnownFileType = image.jpeg; path = knockout_44.jpg; sourceTree = "<group>"; };
		18FBDF0B1A00DCF800F9B826 /* knockout_45.jpg */ = {isa = PBXFileReference; lastKnownFileType = image.jpeg; path = knockout_45.jpg; sourceTree = "<group>"; };
		18FBDF0C1A00DCF800F9B826 /* knockout_46.jpg */ = {isa = PBXFileReference; lastKnownFileType = image.jpeg; path = knockout_46.jpg; sourceTree = "<group>"; };
		18FBDF0D1A00DCF800F9B826 /* knockout_47.jpg */ = {isa = PBXFileReference; lastKnownFileType = image.jpeg; path = knockout_47.jpg; sourceTree = "<group>"; };
		18FBDF0E1A00DCF800F9B826 /* knockout_48.jpg */ = {isa = PBXFileReference; lastKnownFileType = image.jpeg; path = knockout_48.jpg; sourceTree = "<group>"; };
		18FBDF0F1A00DCF800F9B826 /* knockout_49.jpg */ = {isa = PBXFileReference; lastKnownFileType = image.jpeg; path = knockout_49.jpg; sourceTree = "<group>"; };
		18FBDF101A00DCF800F9B826 /* knockout_50.jpg */ = {isa = PBXFileReference; lastKnownFileType = image.jpeg; path = knockout_50.jpg; sourceTree = "<group>"; };
		18FBDF111A00DCF800F9B826 /* knockout_51.jpg */ = {isa = PBXFileReference; lastKnownFileType = image.jpeg; path = knockout_51.jpg; sourceTree = "<group>"; };
		18FBDF121A00DCF800F9B826 /* knockout_52.jpg */ = {isa = PBXFileReference; lastKnownFileType = image.jpeg; path = knockout_52.jpg; sourceTree = "<group>"; };
		18FBDF131A00DCF800F9B826 /* knockout_53.jpg */ = {isa = PBXFileReference; lastKnownFileType = image.jpeg; path = knockout_53.jpg; sourceTree = "<group>"; };
		18FBDF141A00DCF800F9B826 /* knockout_54.jpg */ = {isa = PBXFileReference; lastKnownFileType = image.jpeg; path = knockout_54.jpg; sourceTree = "<group>"; };
		18FBDF151A00DCF800F9B826 /* knockout_55.jpg */ = {isa = PBXFileReference; lastKnownFileType = image.jpeg; path = knockout_55.jpg; sourceTree = "<group>"; };
		18FBDF161A00DCF800F9B826 /* knockout_56.jpg */ = {isa = PBXFileReference; lastKnownFileType = image.jpeg; path = knockout_56.jpg; sourceTree = "<group>"; };
		18FBDF171A00DCF800F9B826 /* knockout_57.jpg */ = {isa = PBXFileReference; lastKnownFileType = image.jpeg; path = knockout_57.jpg; sourceTree = "<group>"; };
		18FBDF181A00DCF800F9B826 /* knockout_58.jpg */ = {isa = PBXFileReference; lastKnownFileType = image.jpeg; path = knockout_58.jpg; sourceTree = "<group>"; };
		18FBDF191A00DCF800F9B826 /* knockout_59.jpg */ = {isa = PBXFileReference; lastKnownFileType = image.jpeg; path = knockout_59.jpg; sourceTree = "<group>"; };
		18FBDF1A1A00DCF800F9B826 /* knockout_60.jpg */ = {isa = PBXFileReference; lastKnownFileType = image.jpeg; path = knockout_60.jpg; sourceTree = "<group>"; };
		18FBDF1B1A00DCF800F9B826 /* knockout_61.jpg */ = {isa = PBXFileReference; lastKnownFileType = image.jpeg; path = knockout_61.jpg; sourceTree = "<group>"; };
		18FBDF1C1A00DCF800F9B826 /* knockout_62.jpg */ = {isa = PBXFileReference; lastKnownFileType = image.jpeg; path = knockout_62.jpg; sourceTree = "<group>"; };
		18FBDF1D1A00DCF800F9B826 /* knockout_63.jpg */ = {isa = PBXFileReference; lastKnownFileType = image.jpeg; path = knockout_63.jpg; sourceTree = "<group>"; };
		18FBDF1E1A00DCF800F9B826 /* knockout_64.jpg */ = {isa = PBXFileReference; lastKnownFileType = image.jpeg; path = knockout_64.jpg; sourceTree = "<group>"; };
		18FBDF1F1A00DCF800F9B826 /* knockout_65.jpg */ = {isa = PBXFileReference; lastKnownFileType = image.jpeg; path = knockout_65.jpg; sourceTree = "<group>"; };
		18FBDF201A00DCF800F9B826 /* knockout_66.jpg */ = {isa = PBXFileReference; lastKnownFileType = image.jpeg; path = knockout_66.jpg; sourceTree = "<group>"; };
		18FBDF211A00DCF800F9B826 /* knockout_67.jpg */ = {isa = PBXFileReference; lastKnownFileType = image.jpeg; path = knockout_67.jpg; sourceTree = "<group>"; };
		18FBDF221A00DCF800F9B826 /* knockout_68.jpg */ = {isa = PBXFileReference; lastKnownFileType = image.jpeg; path = knockout_68.jpg; sourceTree = "<group>"; };
		18FBDF231A00DCF800F9B826 /* knockout_69.jpg */ = {isa = PBXFileReference; lastKnownFileType = image.jpeg; path = knockout_69.jpg; sourceTree = "<group>"; };
		18FBDF241A00DCF800F9B826 /* knockout_70.jpg */ = {isa = PBXFileReference; lastKnownFileType = image.jpeg; path = knockout_70.jpg; sourceTree = "<group>"; };
		18FBDF251A00DCF800F9B826 /* knockout_71.jpg */ = {isa = PBXFileReference; lastKnownFileType = image.jpeg; path = knockout_71.jpg; sourceTree = "<group>"; };
		18FBDF261A00DCF800F9B826 /* knockout_72.jpg */ = {isa = PBXFileReference; lastKnownFileType = image.jpeg; path = knockout_72.jpg; sourceTree = "<group>"; };
		18FBDF271A00DCF800F9B826 /* knockout_73.jpg */ = {isa = PBXFileReference; lastKnownFileType = image.jpeg; path = knockout_73.jpg; sourceTree = "<group>"; };
		18FBDF281A00DCF800F9B826 /* knockout_74.jpg */ = {isa = PBXFileReference; lastKnownFileType = image.jpeg; path = knockout_74.jpg; sourceTree = "<group>"; };
		18FBDF291A00DCF800F9B826 /* knockout_75.jpg */ = {isa = PBXFileReference; lastKnownFileType = image.jpeg; path = knockout_75.jpg; sourceTree = "<group>"; };
		18FBDF2A1A00DCF800F9B826 /* knockout_76.jpg */ = {isa = PBXFileReference; lastKnownFileType = image.jpeg; path = knockout_76.jpg; sourceTree = "<group>"; };
		18FBDF2B1A00DCF800F9B826 /* knockout_77.jpg */ = {isa = PBXFileReference; lastKnownFileType = image.jpeg; path = knockout_77.jpg; sourceTree = "<group>"; };
		18FBDF2C1A00DCF800F9B826 /* knockout_78.jpg */ = {isa = PBXFileReference; lastKnownFileType = image.jpeg; path = knockout_78.jpg; sourceTree = "<group>"; };
		18FBDF2D1A00DCF800F9B826 /* knockout_79.jpg */ = {isa = PBXFileReference; lastKnownFileType = image.jpeg; path = knockout_79.jpg; sourceTree = "<group>"; };
		18FBDF2E1A00DCF800F9B826 /* knockout_80.jpg */ = {isa = PBXFileReference; lastKnownFileType = image.jpeg; path = knockout_80.jpg; sourceTree = "<group>"; };
/* End PBXFileReference section */

/* Begin PBXFrameworksBuildPhase section */
		18FBDEAD1A00D6E700F9B826 /* Frameworks */ = {
			isa = PBXFrameworksBuildPhase;
			buildActionMask = 2147483647;
			files = (
			);
			runOnlyForDeploymentPostprocessing = 0;
		};
		18FBDEC61A00D6E700F9B826 /* Frameworks */ = {
			isa = PBXFrameworksBuildPhase;
			buildActionMask = 2147483647;
			files = (
			);
			runOnlyForDeploymentPostprocessing = 0;
		};
/* End PBXFrameworksBuildPhase section */

/* Begin PBXGroup section */
		18FBDEA71A00D6E700F9B826 = {
			isa = PBXGroup;
			children = (
				18FBDEB21A00D6E700F9B826 /* 01-iOS初体验 */,
				18FBDECC1A00D6E700F9B826 /* 01-iOS初体验Tests */,
				18FBDEB11A00D6E700F9B826 /* Products */,
			);
			sourceTree = "<group>";
		};
		18FBDEB11A00D6E700F9B826 /* Products */ = {
			isa = PBXGroup;
			children = (
				18FBDEB01A00D6E700F9B826 /* 01-iOS初体验.app */,
				18FBDEC91A00D6E700F9B826 /* 01-iOS初体验Tests.xctest */,
			);
			name = Products;
			sourceTree = "<group>";
		};
		18FBDEB21A00D6E700F9B826 /* 01-iOS初体验 */ = {
			isa = PBXGroup;
			children = (
				18FBDEB71A00D6E700F9B826 /* AppDelegate.h */,
				18FBDEB81A00D6E700F9B826 /* AppDelegate.m */,
				18FBDEBA1A00D6E700F9B826 /* ViewController.h */,
				18FBDEBB1A00D6E700F9B826 /* ViewController.m */,
				18FBDEBD1A00D6E700F9B826 /* Main.storyboard */,
				18FBDEC01A00D6E700F9B826 /* Images.xcassets */,
				18FBDEC21A00D6E700F9B826 /* LaunchScreen.xib */,
				18FBDEB31A00D6E700F9B826 /* Supporting Files */,
			);
			path = "01-iOS初体验";
			sourceTree = "<group>";
		};
		18FBDEB31A00D6E700F9B826 /* Supporting Files */ = {
			isa = PBXGroup;
			children = (
				18FBDEDD1A00DCF800F9B826 /* Knockout */,
				18FBDED91A00DCAF00F9B826 /* 01.jpg */,
				18FBDEDA1A00DCAF00F9B826 /* 02.jpg */,
				18FBDEB41A00D6E700F9B826 /* Info.plist */,
				18FBDEB51A00D6E700F9B826 /* main.m */,
			);
			name = "Supporting Files";
			sourceTree = "<group>";
		};
		18FBDECC1A00D6E700F9B826 /* 01-iOS初体验Tests */ = {
			isa = PBXGroup;
			children = (
				18FBDECF1A00D6E700F9B826 /* _1_iOS___Tests.m */,
				18FBDECD1A00D6E700F9B826 /* Supporting Files */,
			);
			path = "01-iOS初体验Tests";
			sourceTree = "<group>";
		};
		18FBDECD1A00D6E700F9B826 /* Supporting Files */ = {
			isa = PBXGroup;
			children = (
				18FBDECE1A00D6E700F9B826 /* Info.plist */,
			);
			name = "Supporting Files";
			sourceTree = "<group>";
		};
		18FBDEDD1A00DCF800F9B826 /* Knockout */ = {
			isa = PBXGroup;
			children = (
				18FBDEDE1A00DCF800F9B826 /* knockout_00.jpg */,
				18FBDEDF1A00DCF800F9B826 /* knockout_01.jpg */,
				18FBDEE01A00DCF800F9B826 /* knockout_02.jpg */,
				18FBDEE11A00DCF800F9B826 /* knockout_03.jpg */,
				18FBDEE21A00DCF800F9B826 /* knockout_04.jpg */,
				18FBDEE31A00DCF800F9B826 /* knockout_05.jpg */,
				18FBDEE41A00DCF800F9B826 /* knockout_06.jpg */,
				18FBDEE51A00DCF800F9B826 /* knockout_07.jpg */,
				18FBDEE61A00DCF800F9B826 /* knockout_08.jpg */,
				18FBDEE71A00DCF800F9B826 /* knockout_09.jpg */,
				18FBDEE81A00DCF800F9B826 /* knockout_10.jpg */,
				18FBDEE91A00DCF800F9B826 /* knockout_11.jpg */,
				18FBDEEA1A00DCF800F9B826 /* knockout_12.jpg */,
				18FBDEEB1A00DCF800F9B826 /* knockout_13.jpg */,
				18FBDEEC1A00DCF800F9B826 /* knockout_14.jpg */,
				18FBDEED1A00DCF800F9B826 /* knockout_15.jpg */,
				18FBDEEE1A00DCF800F9B826 /* knockout_16.jpg */,
				18FBDEEF1A00DCF800F9B826 /* knockout_17.jpg */,
				18FBDEF01A00DCF800F9B826 /* knockout_18.jpg */,
				18FBDEF11A00DCF800F9B826 /* knockout_19.jpg */,
				18FBDEF21A00DCF800F9B826 /* knockout_20.jpg */,
				18FBDEF31A00DCF800F9B826 /* knockout_21.jpg */,
				18FBDEF41A00DCF800F9B826 /* knockout_22.jpg */,
				18FBDEF51A00DCF800F9B826 /* knockout_23.jpg */,
				18FBDEF61A00DCF800F9B826 /* knockout_24.jpg */,
				18FBDEF71A00DCF800F9B826 /* knockout_25.jpg */,
				18FBDEF81A00DCF800F9B826 /* knockout_26.jpg */,
				18FBDEF91A00DCF800F9B826 /* knockout_27.jpg */,
				18FBDEFA1A00DCF800F9B826 /* knockout_28.jpg */,
				18FBDEFB1A00DCF800F9B826 /* knockout_29.jpg */,
				18FBDEFC1A00DCF800F9B826 /* knockout_30.jpg */,
				18FBDEFD1A00DCF800F9B826 /* knockout_31.jpg */,
				18FBDEFE1A00DCF800F9B826 /* knockout_32.jpg */,
				18FBDEFF1A00DCF800F9B826 /* knockout_33.jpg */,
				18FBDF001A00DCF800F9B826 /* knockout_34.jpg */,
				18FBDF011A00DCF800F9B826 /* knockout_35.jpg */,
				18FBDF021A00DCF800F9B826 /* knockout_36.jpg */,
				18FBDF031A00DCF800F9B826 /* knockout_37.jpg */,
				18FBDF041A00DCF800F9B826 /* knockout_38.jpg */,
				18FBDF051A00DCF800F9B826 /* knockout_39.jpg */,
				18FBDF061A00DCF800F9B826 /* knockout_40.jpg */,
				18FBDF071A00DCF800F9B826 /* knockout_41.jpg */,
				18FBDF081A00DCF800F9B826 /* knockout_42.jpg */,
				18FBDF091A00DCF800F9B826 /* knockout_43.jpg */,
				18FBDF0A1A00DCF800F9B826 /* knockout_44.jpg */,
				18FBDF0B1A00DCF800F9B826 /* knockout_45.jpg */,
				18FBDF0C1A00DCF800F9B826 /* knockout_46.jpg */,
				18FBDF0D1A00DCF800F9B826 /* knockout_47.jpg */,
				18FBDF0E1A00DCF800F9B826 /* knockout_48.jpg */,
				18FBDF0F1A00DCF800F9B826 /* knockout_49.jpg */,
				18FBDF101A00DCF800F9B826 /* knockout_50.jpg */,
				18FBDF111A00DCF800F9B826 /* knockout_51.jpg */,
				18FBDF121A00DCF800F9B826 /* knockout_52.jpg */,
				18FBDF131A00DCF800F9B826 /* knockout_53.jpg */,
				18FBDF141A00DCF800F9B826 /* knockout_54.jpg */,
				18FBDF151A00DCF800F9B826 /* knockout_55.jpg */,
				18FBDF161A00DCF800F9B826 /* knockout_56.jpg */,
				18FBDF171A00DCF800F9B826 /* knockout_57.jpg */,
				18FBDF181A00DCF800F9B826 /* knockout_58.jpg */,
				18FBDF191A00DCF800F9B826 /* knockout_59.jpg */,
				18FBDF1A1A00DCF800F9B826 /* knockout_60.jpg */,
				18FBDF1B1A00DCF800F9B826 /* knockout_61.jpg */,
				18FBDF1C1A00DCF800F9B826 /* knockout_62.jpg */,
				18FBDF1D1A00DCF800F9B826 /* knockout_63.jpg */,
				18FBDF1E1A00DCF800F9B826 /* knockout_64.jpg */,
				18FBDF1F1A00DCF800F9B826 /* knockout_65.jpg */,
				18FBDF201A00DCF800F9B826 /* knockout_66.jpg */,
				18FBDF211A00DCF800F9B826 /* knockout_67.jpg */,
				18FBDF221A00DCF800F9B826 /* knockout_68.jpg */,
				18FBDF231A00DCF800F9B826 /* knockout_69.jpg */,
				18FBDF241A00DCF800F9B826 /* knockout_70.jpg */,
				18FBDF251A00DCF800F9B826 /* knockout_71.jpg */,
				18FBDF261A00DCF800F9B826 /* knockout_72.jpg */,
				18FBDF271A00DCF800F9B826 /* knockout_73.jpg */,
				18FBDF281A00DCF800F9B826 /* knockout_74.jpg */,
				18FBDF291A00DCF800F9B826 /* knockout_75.jpg */,
				18FBDF2A1A00DCF800F9B826 /* knockout_76.jpg */,
				18FBDF2B1A00DCF800F9B826 /* knockout_77.jpg */,
				18FBDF2C1A00DCF800F9B826 /* knockout_78.jpg */,
				18FBDF2D1A00DCF800F9B826 /* knockout_79.jpg */,
				18FBDF2E1A00DCF800F9B826 /* knockout_80.jpg */,
			);
			path = Knockout;
			sourceTree = "<group>";
		};
/* End PBXGroup section */

/* Begin PBXNativeTarget section */
		18FBDEAF1A00D6E700F9B826 /* 01-iOS初体验 */ = {
			isa = PBXNativeTarget;
			buildConfigurationList = 18FBDED31A00D6E700F9B826 /* Build configuration list for PBXNativeTarget "01-iOS初体验" */;
			buildPhases = (
				18FBDEAC1A00D6E700F9B826 /* Sources */,
				18FBDEAD1A00D6E700F9B826 /* Frameworks */,
				18FBDEAE1A00D6E700F9B826 /* Resources */,
			);
			buildRules = (
			);
			dependencies = (
			);
			name = "01-iOS初体验";
			productName = "01-iOS初体验";
			productReference = 18FBDEB01A00D6E700F9B826 /* 01-iOS初体验.app */;
			productType = "com.apple.product-type.application";
		};
		18FBDEC81A00D6E700F9B826 /* 01-iOS初体验Tests */ = {
			isa = PBXNativeTarget;
			buildConfigurationList = 18FBDED61A00D6E700F9B826 /* Build configuration list for PBXNativeTarget "01-iOS初体验Tests" */;
			buildPhases = (
				18FBDEC51A00D6E700F9B826 /* Sources */,
				18FBDEC61A00D6E700F9B826 /* Frameworks */,
				18FBDEC71A00D6E700F9B826 /* Resources */,
			);
			buildRules = (
			);
			dependencies = (
				18FBDECB1A00D6E700F9B826 /* PBXTargetDependency */,
			);
			name = "01-iOS初体验Tests";
			productName = "01-iOS初体验Tests";
			productReference = 18FBDEC91A00D6E700F9B826 /* 01-iOS初体验Tests.xctest */;
			productType = "com.apple.product-type.bundle.unit-test";
		};
/* End PBXNativeTarget section */

/* Begin PBXProject section */
		18FBDEA81A00D6E700F9B826 /* Project object */ = {
			isa = PBXProject;
			attributes = {
				LastUpgradeCheck = 0610;
				ORGANIZATIONNAME = Apple;
				TargetAttributes = {
					18FBDEAF1A00D6E700F9B826 = {
						CreatedOnToolsVersion = 6.1;
					};
					18FBDEC81A00D6E700F9B826 = {
						CreatedOnToolsVersion = 6.1;
						TestTargetID = 18FBDEAF1A00D6E700F9B826;
					};
				};
			};
			buildConfigurationList = 18FBDEAB1A00D6E700F9B826 /* Build configuration list for PBXProject "01-iOS初体验" */;
			compatibilityVersion = "Xcode 3.2";
			developmentRegion = English;
			hasScannedForEncodings = 0;
			knownRegions = (
				en,
				Base,
			);
			mainGroup = 18FBDEA71A00D6E700F9B826;
			productRefGroup = 18FBDEB11A00D6E700F9B826 /* Products */;
			projectDirPath = "";
			projectRoot = "";
			targets = (
				18FBDEAF1A00D6E700F9B826 /* 01-iOS初体验 */,
				18FBDEC81A00D6E700F9B826 /* 01-iOS初体验Tests */,
			);
		};
/* End PBXProject section */

/* Begin PBXResourcesBuildPhase section */
		18FBDEAE1A00D6E700F9B826 /* Resources */ = {
			isa = PBXResourcesBuildPhase;
			buildActionMask = 2147483647;
			files = (
				18FBDF611A00DCF800F9B826 /* knockout_50.jpg in Resources */,
				18FBDF6A1A00DCF800F9B826 /* knockout_59.jpg in Resources */,
				18FBDEDC1A00DCAF00F9B826 /* 02.jpg in Resources */,
				18FBDF5D1A00DCF800F9B826 /* knockout_46.jpg in Resources */,
				18FBDF431A00DCF800F9B826 /* knockout_20.jpg in Resources */,
				18FBDF3A1A00DCF800F9B826 /* knockout_11.jpg in Resources */,
				18FBDF751A00DCF800F9B826 /* knockout_70.jpg in Resources */,
				18FBDF5C1A00DCF800F9B826 /* knockout_45.jpg in Resources */,
				18FBDF621A00DCF800F9B826 /* knockout_51.jpg in Resources */,
				18FBDF441A00DCF800F9B826 /* knockout_21.jpg in Resources */,
				18FBDF741A00DCF800F9B826 /* knockout_69.jpg in Resources */,
				18FBDF641A00DCF800F9B826 /* knockout_53.jpg in Resources */,
				18FBDF7B1A00DCF800F9B826 /* knockout_76.jpg in Resources */,
				18FBDF7A1A00DCF800F9B826 /* knockout_75.jpg in Resources */,
				18FBDF361A00DCF800F9B826 /* knockout_07.jpg in Resources */,
				18FBDF3E1A00DCF800F9B826 /* knockout_15.jpg in Resources */,
				18FBDF601A00DCF800F9B826 /* knockout_49.jpg in Resources */,
				18FBDF7F1A00DCF800F9B826 /* knockout_80.jpg in Resources */,
				18FBDF4F1A00DCF800F9B826 /* knockout_32.jpg in Resources */,
				18FBDF571A00DCF800F9B826 /* knockout_40.jpg in Resources */,
				18FBDF331A00DCF800F9B826 /* knockout_04.jpg in Resources */,
				18FBDF401A00DCF800F9B826 /* knockout_17.jpg in Resources */,
				18FBDF3D1A00DCF800F9B826 /* knockout_14.jpg in Resources */,
				18FBDF7E1A00DCF800F9B826 /* knockout_79.jpg in Resources */,
				18FBDF541A00DCF800F9B826 /* knockout_37.jpg in Resources */,
				18FBDF511A00DCF800F9B826 /* knockout_34.jpg in Resources */,
				18FBDF7C1A00DCF800F9B826 /* knockout_77.jpg in Resources */,
				18FBDF791A00DCF800F9B826 /* knockout_74.jpg in Resources */,
				18FBDF661A00DCF800F9B826 /* knockout_55.jpg in Resources */,
				18FBDF5A1A00DCF800F9B826 /* knockout_43.jpg in Resources */,
				18FBDF681A00DCF800F9B826 /* knockout_57.jpg in Resources */,
				18FBDEBF1A00D6E700F9B826 /* Main.storyboard in Resources */,
				18FBDF7D1A00DCF800F9B826 /* knockout_78.jpg in Resources */,
				18FBDF531A00DCF800F9B826 /* knockout_36.jpg in Resources */,
				18FBDF301A00DCF800F9B826 /* knockout_01.jpg in Resources */,
				18FBDF671A00DCF800F9B826 /* knockout_56.jpg in Resources */,
				18FBDF6D1A00DCF800F9B826 /* knockout_62.jpg in Resources */,
				18FBDF761A00DCF800F9B826 /* knockout_71.jpg in Resources */,
				18FBDF451A00DCF800F9B826 /* knockout_22.jpg in Resources */,
				18FBDF6F1A00DCF800F9B826 /* knockout_64.jpg in Resources */,
				18FBDF3F1A00DCF800F9B826 /* knockout_16.jpg in Resources */,
				18FBDF4B1A00DCF800F9B826 /* knockout_28.jpg in Resources */,
				18FBDF6C1A00DCF800F9B826 /* knockout_61.jpg in Resources */,
				18FBDF521A00DCF800F9B826 /* knockout_35.jpg in Resources */,
				18FBDF3C1A00DCF800F9B826 /* knockout_13.jpg in Resources */,
				18FBDF321A00DCF800F9B826 /* knockout_03.jpg in Resources */,
				18FBDF5B1A00DCF800F9B826 /* knockout_44.jpg in Resources */,
				18FBDF411A00DCF800F9B826 /* knockout_18.jpg in Resources */,
				18FBDF461A00DCF800F9B826 /* knockout_23.jpg in Resources */,
				18FBDF731A00DCF800F9B826 /* knockout_68.jpg in Resources */,
				18FBDF711A00DCF800F9B826 /* knockout_66.jpg in Resources */,
				18FBDF381A00DCF800F9B826 /* knockout_09.jpg in Resources */,
				18FBDF6E1A00DCF800F9B826 /* knockout_63.jpg in Resources */,
				18FBDEC41A00D6E700F9B826 /* LaunchScreen.xib in Resources */,
				18FBDF491A00DCF800F9B826 /* knockout_26.jpg in Resources */,
				18FBDF2F1A00DCF800F9B826 /* knockout_00.jpg in Resources */,
				18FBDF651A00DCF800F9B826 /* knockout_54.jpg in Resources */,
				18FBDF481A00DCF800F9B826 /* knockout_25.jpg in Resources */,
				18FBDF311A00DCF800F9B826 /* knockout_02.jpg in Resources */,
				18FBDF371A00DCF800F9B826 /* knockout_08.jpg in Resources */,
				18FBDF631A00DCF800F9B826 /* knockout_52.jpg in Resources */,
				18FBDF561A00DCF800F9B826 /* knockout_39.jpg in Resources */,
				18FBDF551A00DCF800F9B826 /* knockout_38.jpg in Resources */,
				18FBDF591A00DCF800F9B826 /* knockout_42.jpg in Resources */,
				18FBDF721A00DCF800F9B826 /* knockout_67.jpg in Resources */,
				18FBDF4E1A00DCF800F9B826 /* knockout_31.jpg in Resources */,
				18FBDF5F1A00DCF800F9B826 /* knockout_48.jpg in Resources */,
				18FBDF501A00DCF800F9B826 /* knockout_33.jpg in Resources */,
				18FBDF3B1A00DCF800F9B826 /* knockout_12.jpg in Resources */,
				18FBDF421A00DCF800F9B826 /* knockout_19.jpg in Resources */,
				18FBDF581A00DCF800F9B826 /* knockout_41.jpg in Resources */,
				18FBDF341A00DCF800F9B826 /* knockout_05.jpg in Resources */,
				18FBDF781A00DCF800F9B826 /* knockout_73.jpg in Resources */,
				18FBDF391A00DCF800F9B826 /* knockout_10.jpg in Resources */,
				18FBDF771A00DCF800F9B826 /* knockout_72.jpg in Resources */,
				18FBDF351A00DCF800F9B826 /* knockout_06.jpg in Resources */,
				18FBDF691A00DCF800F9B826 /* knockout_58.jpg in Resources */,
				18FBDF4D1A00DCF800F9B826 /* knockout_30.jpg in Resources */,
				18FBDF701A00DCF800F9B826 /* knockout_65.jpg in Resources */,
				18FBDF471A00DCF800F9B826 /* knockout_24.jpg in Resources */,
				18FBDF4A1A00DCF800F9B826 /* knockout_27.jpg in Resources */,
				18FBDF5E1A00DCF800F9B826 /* knockout_47.jpg in Resources */,
				18FBDF4C1A00DCF800F9B826 /* knockout_29.jpg in Resources */,
				18FBDF6B1A00DCF800F9B826 /* knockout_60.jpg in Resources */,
				18FBDEDB1A00DCAF00F9B826 /* 01.jpg in Resources */,
				18FBDEC11A00D6E700F9B826 /* Images.xcassets in Resources */,
			);
			runOnlyForDeploymentPostprocessing = 0;
		};
		18FBDEC71A00D6E700F9B826 /* Resources */ = {
			isa = PBXResourcesBuildPhase;
			buildActionMask = 2147483647;
			files = (
			);
			runOnlyForDeploymentPostprocessing = 0;
		};
/* End PBXResourcesBuildPhase section */

/* Begin PBXSourcesBuildPhase section */
		18FBDEAC1A00D6E700F9B826 /* Sources */ = {
			isa = PBXSourcesBuildPhase;
			buildActionMask = 2147483647;
			files = (
				18FBDEBC1A00D6E700F9B826 /* ViewController.m in Sources */,
				18FBDEB91A00D6E700F9B826 /* AppDelegate.m in Sources */,
				18FBDEB61A00D6E700F9B826 /* main.m in Sources */,
			);
			runOnlyForDeploymentPostprocessing = 0;
		};
		18FBDEC51A00D6E700F9B826 /* Sources */ = {
			isa = PBXSourcesBuildPhase;
			buildActionMask = 2147483647;
			files = (
				18FBDED01A00D6E700F9B826 /* _1_iOS___Tests.m in Sources */,
			);
			runOnlyForDeploymentPostprocessing = 0;
		};
/* End PBXSourcesBuildPhase section */

/* Begin PBXTargetDependency section */
		18FBDECB1A00D6E700F9B826 /* PBXTargetDependency */ = {
			isa = PBXTargetDependency;
			target = 18FBDEAF1A00D6E700F9B826 /* 01-iOS初体验 */;
			targetProxy = 18FBDECA1A00D6E700F9B826 /* PBXContainerItemProxy */;
		};
/* End PBXTargetDependency section */

/* Begin PBXVariantGroup section */
		18FBDEBD1A00D6E700F9B826 /* Main.storyboard */ = {
			isa = PBXVariantGroup;
			children = (
				18FBDEBE1A00D6E700F9B826 /* Base */,
			);
			name = Main.storyboard;
			sourceTree = "<group>";
		};
		18FBDEC21A00D6E700F9B826 /* LaunchScreen.xib */ = {
			isa = PBXVariantGroup;
			children = (
				18FBDEC31A00D6E700F9B826 /* Base */,
			);
			name = LaunchScreen.xib;
			sourceTree = "<group>";
		};
/* End PBXVariantGroup section */

/* Begin XCBuildConfiguration section */
		18FBDED11A00D6E700F9B826 /* Debug */ = {
			isa = XCBuildConfiguration;
			buildSettings = {
				ALWAYS_SEARCH_USER_PATHS = NO;
				CLANG_CXX_LANGUAGE_STANDARD = "gnu++0x";
				CLANG_CXX_LIBRARY = "libc++";
				CLANG_ENABLE_MODULES = YES;
				CLANG_ENABLE_OBJC_ARC = YES;
				CLANG_WARN_BOOL_CONVERSION = YES;
				CLANG_WARN_CONSTANT_CONVERSION = YES;
				CLANG_WARN_DIRECT_OBJC_ISA_USAGE = YES_ERROR;
				CLANG_WARN_EMPTY_BODY = YES;
				CLANG_WARN_ENUM_CONVERSION = YES;
				CLANG_WARN_INT_CONVERSION = YES;
				CLANG_WARN_OBJC_ROOT_CLASS = YES_ERROR;
				CLANG_WARN_UNREACHABLE_CODE = YES;
				CLANG_WARN__DUPLICATE_METHOD_MATCH = YES;
				"CODE_SIGN_IDENTITY[sdk=iphoneos*]" = "iPhone Developer";
				COPY_PHASE_STRIP = NO;
				ENABLE_STRICT_OBJC_MSGSEND = YES;
				GCC_C_LANGUAGE_STANDARD = gnu99;
				GCC_DYNAMIC_NO_PIC = NO;
				GCC_OPTIMIZATION_LEVEL = 0;
				GCC_PREPROCESSOR_DEFINITIONS = (
					"DEBUG=1",
					"$(inherited)",
				);
				GCC_SYMBOLS_PRIVATE_EXTERN = NO;
				GCC_WARN_64_TO_32_BIT_CONVERSION = YES;
				GCC_WARN_ABOUT_RETURN_TYPE = YES_ERROR;
				GCC_WARN_UNDECLARED_SELECTOR = YES;
				GCC_WARN_UNINITIALIZED_AUTOS = YES_AGGRESSIVE;
				GCC_WARN_UNUSED_FUNCTION = YES;
				GCC_WARN_UNUSED_VARIABLE = YES;
				IPHONEOS_DEPLOYMENT_TARGET = 8.1;
				MTL_ENABLE_DEBUG_INFO = YES;
				ONLY_ACTIVE_ARCH = YES;
				SDKROOT = iphoneos;
			};
			name = Debug;
		};
		18FBDED21A00D6E700F9B826 /* Release */ = {
			isa = XCBuildConfiguration;
			buildSettings = {
				ALWAYS_SEARCH_USER_PATHS = NO;
				CLANG_CXX_LANGUAGE_STANDARD = "gnu++0x";
				CLANG_CXX_LIBRARY = "libc++";
				CLANG_ENABLE_MODULES = YES;
				CLANG_ENABLE_OBJC_ARC = YES;
				CLANG_WARN_BOOL_CONVERSION = YES;
				CLANG_WARN_CONSTANT_CONVERSION = YES;
				CLANG_WARN_DIRECT_OBJC_ISA_USAGE = YES_ERROR;
				CLANG_WARN_EMPTY_BODY = YES;
				CLANG_WARN_ENUM_CONVERSION = YES;
				CLANG_WARN_INT_CONVERSION = YES;
				CLANG_WARN_OBJC_ROOT_CLASS = YES_ERROR;
				CLANG_WARN_UNREACHABLE_CODE = YES;
				CLANG_WARN__DUPLICATE_METHOD_MATCH = YES;
				"CODE_SIGN_IDENTITY[sdk=iphoneos*]" = "iPhone Developer";
				COPY_PHASE_STRIP = YES;
				ENABLE_NS_ASSERTIONS = NO;
				ENABLE_STRICT_OBJC_MSGSEND = YES;
				GCC_C_LANGUAGE_STANDARD = gnu99;
				GCC_WARN_64_TO_32_BIT_CONVERSION = YES;
				GCC_WARN_ABOUT_RETURN_TYPE = YES_ERROR;
				GCC_WARN_UNDECLARED_SELECTOR = YES;
				GCC_WARN_UNINITIALIZED_AUTOS = YES_AGGRESSIVE;
				GCC_WARN_UNUSED_FUNCTION = YES;
				GCC_WARN_UNUSED_VARIABLE = YES;
				IPHONEOS_DEPLOYMENT_TARGET = 8.1;
				MTL_ENABLE_DEBUG_INFO = NO;
				SDKROOT = iphoneos;
				VALIDATE_PRODUCT = YES;
			};
			name = Release;
		};
		18FBDED41A00D6E700F9B826 /* Debug */ = {
			isa = XCBuildConfiguration;
			buildSettings = {
				ASSETCATALOG_COMPILER_APPICON_NAME = AppIcon;
				INFOPLIST_FILE = "01-iOS初体验/Info.plist";
				IPHONEOS_DEPLOYMENT_TARGET = 7.1;
				LD_RUNPATH_SEARCH_PATHS = "$(inherited) @executable_path/Frameworks";
				PRODUCT_NAME = "$(TARGET_NAME)";
			};
			name = Debug;
		};
		18FBDED51A00D6E700F9B826 /* Release */ = {
			isa = XCBuildConfiguration;
			buildSettings = {
				ASSETCATALOG_COMPILER_APPICON_NAME = AppIcon;
				INFOPLIST_FILE = "01-iOS初体验/Info.plist";
				IPHONEOS_DEPLOYMENT_TARGET = 7.1;
				LD_RUNPATH_SEARCH_PATHS = "$(inherited) @executable_path/Frameworks";
				PRODUCT_NAME = "$(TARGET_NAME)";
			};
			name = Release;
		};
		18FBDED71A00D6E700F9B826 /* Debug */ = {
			isa = XCBuildConfiguration;
			buildSettings = {
				BUNDLE_LOADER = "$(TEST_HOST)";
				FRAMEWORK_SEARCH_PATHS = (
					"$(SDKROOT)/Developer/Library/Frameworks",
					"$(inherited)",
				);
				GCC_PREPROCESSOR_DEFINITIONS = (
					"DEBUG=1",
					"$(inherited)",
				);
				INFOPLIST_FILE = "01-iOS初体验Tests/Info.plist";
				LD_RUNPATH_SEARCH_PATHS = "$(inherited) @executable_path/Frameworks @loader_path/Frameworks";
				PRODUCT_NAME = "$(TARGET_NAME)";
				TEST_HOST = "$(BUILT_PRODUCTS_DIR)/01-iOS初体验.app/01-iOS初体验";
			};
			name = Debug;
		};
		18FBDED81A00D6E700F9B826 /* Release */ = {
			isa = XCBuildConfiguration;
			buildSettings = {
				BUNDLE_LOADER = "$(TEST_HOST)";
				FRAMEWORK_SEARCH_PATHS = (
					"$(SDKROOT)/Developer/Library/Frameworks",
					"$(inherited)",
				);
				INFOPLIST_FILE = "01-iOS初体验Tests/Info.plist";
				LD_RUNPATH_SEARCH_PATHS = "$(inherited) @executable_path/Frameworks @loader_path/Frameworks";
				PRODUCT_NAME = "$(TARGET_NAME)";
				TEST_HOST = "$(BUILT_PRODUCTS_DIR)/01-iOS初体验.app/01-iOS初体验";
			};
			name = Release;
		};
/* End XCBuildConfiguration section */

/* Begin XCConfigurationList section */
		18FBDEAB1A00D6E700F9B826 /* Build configuration list for PBXProject "01-iOS初体验" */ = {
			isa = XCConfigurationList;
			buildConfigurations = (
				18FBDED11A00D6E700F9B826 /* Debug */,
				18FBDED21A00D6E700F9B826 /* Release */,
			);
			defaultConfigurationIsVisible = 0;
			defaultConfigurationName = Release;
		};
		18FBDED31A00D6E700F9B826 /* Build configuration list for PBXNativeTarget "01-iOS初体验" */ = {
			isa = XCConfigurationList;
			buildConfigurations = (
				18FBDED41A00D6E700F9B826 /* Debug */,
				18FBDED51A00D6E700F9B826 /* Release */,
			);
			defaultConfigurationIsVisible = 0;
		};
		18FBDED61A00D6E700F9B826 /* Build configuration list for PBXNativeTarget "01-iOS初体验Tests" */ = {
			isa = XCConfigurationList;
			buildConfigurations = (
				18FBDED71A00D6E700F9B826 /* Debug */,
				18FBDED81A00D6E700F9B826 /* Release */,
			);
			defaultConfigurationIsVisible = 0;
		};
/* End XCConfigurationList section */
	};
	rootObject = 18FBDEA81A00D6E700F9B826 /* Project object */;
}
